
Microsoft Visual Studio Solution File, Format Version 12.00
# Visual Studio Version 17
VisualStudioVersion = 17.1.32228.430
MinimumVisualStudioVersion = 10.0.40219.1
Project("{2150E333-8FDC-42A3-9474-1A3956D46DE8}") = "DataStructure", "DataStructure", "{0884D149-0809-4A16-A212-525E09AAE4B0}"
EndProject
Project("{9A19103F-16F7-4668-BE54-9A1E7A4F7556}") = "001List", "List\001List.csproj", "{8C785816-822B-4E17-9827-3BED2E245572}"
EndProject
Project("{9A19103F-16F7-4668-BE54-9A1E7A4F7556}") = "002Node", "LinkedList\002Node.csproj", "{3D088BA9-24D9-4A7E-BD0D-990AA5E0014F}"
EndProject
Project("{9A19103F-16F7-4668-BE54-9A1E7A4F7556}") = "003LinkedList", "Linked_List\003LinkedList.csproj", "{F02B5470-1E26-48A7-9D04-3B8C4EB5CB40}"
EndProject
Project("{9A19103F-16F7-4668-BE54-9A1E7A4F7556}") = "004LinkedList_Example", "MapByLinkedList\004LinkedList_Example.csproj", "{6140CCB6-7993-48AE-AE28-2B7AEDC85639}"
EndProject
Project("{2150E333-8FDC-42A3-9474-1A3956D46DE8}") = "C_Shap_Basic", "C_Shap_Basic", "{ADF7086B-86CC-4CE3-A8AA-58D45AE7E16D}"
EndProject
Project("{9A19103F-16F7-4668-BE54-9A1E7A4F7556}") = "00using", "00using\00using.csproj", "{775B5043-B57D-41E9-A6E0-BAA26A9730DD}"
EndProject
Project("{9A19103F-16F7-4668-BE54-9A1E7A4F7556}") = "01Class", "01Class\01Class.csproj", "{9632D9F8-8EDA-40EC-83DF-E95AD0065A73}"
EndProject
Project("{9A19103F-16F7-4668-BE54-9A1E7A4F7556}") = "02NameSpasce", "02NameSpasce\02NameSpasce.csproj", "{41EE4965-73D8-4898-8FBF-EA960D902E98}"
EndProject
Project("{9A19103F-16F7-4668-BE54-9A1E7A4F7556}") = "03CodeStartAndRead", "03CodeStartAndRead\03CodeStartAndRead.csproj", "{24C85CD1-D95B-41E5-9053-66D716721787}"
EndProject
Project("{9A19103F-16F7-4668-BE54-9A1E7A4F7556}") = "04MemberValiable", "04MemberValueation\04MemberValiable.csproj", "{D6472F1F-4EAF-43E0-8195-DE241D36ADAF}"
EndProject
Project("{9A19103F-16F7-4668-BE54-9A1E7A4F7556}") = "05MemberFunc", "05MemberFunc\05MemberFunc.csproj", "{1F522F7F-382A-43B1-95ED-93B1F3395511}"
EndProject
Project("{9A19103F-16F7-4668-BE54-9A1E7A4F7556}") = "06LocalVar", "06LocalVar\06LocalVar.csproj", "{4521E513-0BBA-47AC-8F0D-57542D8696FF}"
EndProject
Project("{9A19103F-16F7-4668-BE54-9A1E7A4F7556}") = "07ClassAccess", "07ClassAccess\07ClassAccess.csproj", "{66C25802-0393-4113-B339-B2E54A8593C1}"
EndProject
Project("{9A19103F-16F7-4668-BE54-9A1E7A4F7556}") = "08HowToUseFucn", "08HowToUseFucn\08HowToUseFucn.csproj", "{A58F1D2F-CBBA-4CB4-849D-1D343F63E22F}"
EndProject
Project("{9A19103F-16F7-4668-BE54-9A1E7A4F7556}") = "09Operator", "09Operator\09Operator.csproj", "{823C9739-1A8A-467E-8312-02C5C013106C}"
EndProject
Project("{9A19103F-16F7-4668-BE54-9A1E7A4F7556}") = "10Memory00(Func)", "10Memory00(Func)\10Memory00(Func).csproj", "{AA15B335-2AD9-4D94-84F2-51C36A2D34A5}"
EndProject
Project("{9A19103F-16F7-4668-BE54-9A1E7A4F7556}") = "11Memory01(valiable)", "11Memory01(valiable)\11Memory01(valiable).csproj", "{DDCC9321-5003-4DC0-A05B-1482A0CE247C}"
EndProject
Project("{9A19103F-16F7-4668-BE54-9A1E7A4F7556}") = "12Memory02(Reference)", "12Memory(Reference)\12Memory02(Reference).csproj", "{AD6BEE15-10B3-44AA-AD9D-1216A71CAF76}"
EndProject
Project("{9A19103F-16F7-4668-BE54-9A1E7A4F7556}") = "13StaticVar", "13StaticVar\13StaticVar.csproj", "{7AAF0F8B-D9B8-4EED-A4E4-5F171163E55C}"
EndProject
Project("{9A19103F-16F7-4668-BE54-9A1E7A4F7556}") = "14StaticFunc", "14StaticFunc\14StaticFunc.csproj", "{B78438B9-CFA2-448C-867B-D5200B6D81AA}"
EndProject
Project("{9A19103F-16F7-4668-BE54-9A1E7A4F7556}") = "15StaticClass", "15StaticClass\15StaticClass.csproj", "{ACE0CF62-047D-47CF-AC27-28DFCAFF3F22}"
EndProject
Project("{9A19103F-16F7-4668-BE54-9A1E7A4F7556}") = "16This", "16This\16This.csproj", "{50E66EFE-CC09-43B1-B474-A4542E9B0F2F}"
EndProject
Project("{9A19103F-16F7-4668-BE54-9A1E7A4F7556}") = "17While", "17While\17While.csproj", "{EABAA50C-B207-479B-94D2-02BC21AF43AE}"
EndProject
Project("{9A19103F-16F7-4668-BE54-9A1E7A4F7556}") = "19For", "19For\19For.csproj", "{DE88BEE2-FCF6-44AC-BB97-FD71243827FD}"
EndProject
Project("{9A19103F-16F7-4668-BE54-9A1E7A4F7556}") = "19If", "19If\19If.csproj", "{9502EF76-F7D6-4DA3-8BAC-A38B96E745EC}"
EndProject
Project("{9A19103F-16F7-4668-BE54-9A1E7A4F7556}") = "20Switch", "20Switch\20Switch.csproj", "{93F39962-21F5-4B9E-A6B7-95F7565934ED}"
EndProject
Project("{9A19103F-16F7-4668-BE54-9A1E7A4F7556}") = "21Struct", "21Struct\21Struct.csproj", "{32C85A2A-FAF5-4C53-AE43-619CFAFE732C}"
EndProject
Project("{9A19103F-16F7-4668-BE54-9A1E7A4F7556}") = "22Enum", "22Enum\22Enum.csproj", "{4F1D0B0C-2ED9-4D14-A5EB-0EA88327CE8F}"
EndProject
Project("{2150E333-8FDC-42A3-9474-1A3956D46DE8}") = "Game", "Game", "{3DE92B1C-1B87-4717-8A94-A447DEEA5E1A}"
EndProject
Project("{9A19103F-16F7-4668-BE54-9A1E7A4F7556}") = "TextRPG001", "TextRPG001\TextRPG001.csproj", "{160582C3-AA41-4C52-ABC8-94103A072170}"
EndProject
Project("{9A19103F-16F7-4668-BE54-9A1E7A4F7556}") = "DoubleLinkedListTestCode", "DoubleLinkedListTestCode\DoubleLinkedListTestCode.csproj", "{9025E55A-1E45-4FF9-93B1-1146CAA8AFC6}"
EndProject
Project("{9A19103F-16F7-4668-BE54-9A1E7A4F7556}") = "Queue", "Queue\Queue.csproj", "{429A511F-D93B-4B1E-B62C-5F58DF47CBFE}"
EndProject
Project("{9A19103F-16F7-4668-BE54-9A1E7A4F7556}") = "stack", "stack\stack.csproj", "{920F6C59-CDFD-4523-AE38-4C5C66820918}"
EndProject
Project("{9A19103F-16F7-4668-BE54-9A1E7A4F7556}") = "DynamicArray", "DynamicArray\DynamicArray.csproj", "{BE0BB6AF-373C-425C-A64D-2F0FD1E0ADCB}"
EndProject
Project("{9A19103F-16F7-4668-BE54-9A1E7A4F7556}") = "List_T", "List_T\List_T.csproj", "{9F2E0C19-3EA1-4F57-B4DE-24AE0EC9AE7D}"
EndProject
Project("{9A19103F-16F7-4668-BE54-9A1E7A4F7556}") = "Stack_C_shap", "Stack_C_shap\Stack_C_shap.csproj", "{E87AB0D9-61FC-48DE-A617-39DA65446B9D}"
EndProject
Project("{9A19103F-16F7-4668-BE54-9A1E7A4F7556}") = "Queue_C_Shap", "Queue_C_Shap\Queue_C_Shap.csproj", "{FE451C2D-8C56-4AB8-BB35-BD55DE19CE7D}"
EndProject
Project("{9A19103F-16F7-4668-BE54-9A1E7A4F7556}") = "ImplementaionLinkedList_PrivateClass", "ImplementaionLinkedList_PrivateClass\ImplementaionLinkedList_PrivateClass.csproj", "{576752A5-1D58-4038-ACB4-BD8745D934C4}"
EndProject
Project("{9A19103F-16F7-4668-BE54-9A1E7A4F7556}") = "23Inheritance", "23Inheritance\23Inheritance.csproj", "{DAFFE7ED-9E46-43D1-86C4-211F597A4920}"
EndProject
Project("{9A19103F-16F7-4668-BE54-9A1E7A4F7556}") = "24ClassConstructer", "24ClassConstructer\24ClassConstructer.csproj", "{8A57BCE6-F330-4643-8AEF-BEB08C756BD5}"
EndProject
Project("{9A19103F-16F7-4668-BE54-9A1E7A4F7556}") = "25String01", "25String01\25String01.csproj", "{6CD80139-3C29-488A-8C7A-5491C635C987}"
EndProject
Project("{9A19103F-16F7-4668-BE54-9A1E7A4F7556}") = "26Property", "26Property\26Property.csproj", "{0734E84D-726F-4C90-BDBE-1A7E5472EB77}"
EndProject
Project("{9A19103F-16F7-4668-BE54-9A1E7A4F7556}") = "27ClassFile", "27ClassFile\27ClassFile.csproj", "{F01B4998-6134-4922-8161-67C3B9B5FE05}"
EndProject
Project("{2150E333-8FDC-42A3-9474-1A3956D46DE8}") = "솔루션 항목", "솔루션 항목", "{31F6C5FC-7C20-4D66-9CA5-CA0BEB3296B6}"
	ProjectSection(SolutionItems) = preProject
		TextFile1.txt = TextFile1.txt
	EndProjectSection
EndProject
Project("{9A19103F-16F7-4668-BE54-9A1E7A4F7556}") = "28Partital", "28Partital\28Partital.csproj", "{9CA00DA8-F1BB-4B5A-8565-FA28D9625855}"
EndProject
Project("{9A19103F-16F7-4668-BE54-9A1E7A4F7556}") = "29OverLoading", "29OverLoading\29OverLoading.csproj", "{99F66C65-01D9-4B6C-8DEF-F1024D7E900E}"
EndProject
Project("{9A19103F-16F7-4668-BE54-9A1E7A4F7556}") = "30Overriding", "30Overriding\30Overriding.csproj", "{CA390D8E-BBDD-4ACA-AC6D-0A00AFC2EB2A}"
EndProject
Project("{9A19103F-16F7-4668-BE54-9A1E7A4F7556}") = "31Interface", "31Interface\31Interface.csproj", "{DE3FE74A-4449-403E-BF29-BF6155B41FC8}"
EndProject
Project("{9A19103F-16F7-4668-BE54-9A1E7A4F7556}") = "32Array", "32Array\32Array.csproj", "{8FA3831B-2DA8-4483-99E4-8571A01210F1}"
EndProject
Project("{9A19103F-16F7-4668-BE54-9A1E7A4F7556}") = "InvenSystem", "InvenSystem\InvenSystem.csproj", "{16A619D4-D131-4332-B207-E202CDF9DFF8}"
EndProject
Project("{9A19103F-16F7-4668-BE54-9A1E7A4F7556}") = "33Null", "33Null\33Null.csproj", "{73E88B7B-B333-4141-9BD4-BD08CA57CE9F}"
EndProject
Project("{9A19103F-16F7-4668-BE54-9A1E7A4F7556}") = "34BreakAndCountinue", "34BreakAndCountinue\34BreakAndCountinue.csproj", "{9074925B-97C0-458A-A3C3-F50B70F3734D}"
EndProject
Project("{9A19103F-16F7-4668-BE54-9A1E7A4F7556}") = "35UserDataType", "35UserDataType\35UserDataType.csproj", "{807118B2-514C-4DEF-BC46-615CB6C33B95}"
EndProject
Project("{2150E333-8FDC-42A3-9474-1A3956D46DE8}") = "BasicTraining", "BasicTraining", "{1C1327DC-75FD-447C-88AB-926E963B9348}"
EndProject
Project("{9A19103F-16F7-4668-BE54-9A1E7A4F7556}") = "001Multiply2DArray", "001Array\001Multiply2DArray.csproj", "{C25D472F-B74A-48E3-A296-62FB8217E9B0}"
EndProject
Project("{9A19103F-16F7-4668-BE54-9A1E7A4F7556}") = "002ReversPrintArray", "002ReversPrintArray\002ReversPrintArray.csproj", "{D24647AE-8042-4FA5-83CF-9277FF654CE9}"
EndProject
Project("{9A19103F-16F7-4668-BE54-9A1E7A4F7556}") = "003Array_Select_Odd_Even", "003_1 RE\003Array_Select_Odd_Even.csproj", "{3B6F7450-264C-45A5-B314-7D4649BA34C1}"
EndProject
Project("{9A19103F-16F7-4668-BE54-9A1E7A4F7556}") = "004ArryOrderBy", "004ArryOrderBy\004ArryOrderBy.csproj", "{E05AE464-592B-410A-937D-A13114B25080}"
EndProject
Project("{9A19103F-16F7-4668-BE54-9A1E7A4F7556}") = "36Generic00", "36Generic00\36Generic00.csproj", "{7601B98F-E8CE-4CFB-98B7-97D2BA91D3A5}"
EndProject
Project("{9A19103F-16F7-4668-BE54-9A1E7A4F7556}") = "37Reference01", "37Reference01\37Reference01.csproj", "{36230D5E-C3DD-4AEE-AAAC-78E27D6BD165}"
EndProject
Project("{9A19103F-16F7-4668-BE54-9A1E7A4F7556}") = "006ArrayPrintNumberOfIndex", "0005ArrayPrintNumberOfIndex\006ArrayPrintNumberOfIndex.csproj", "{3DEFB672-5638-4EBA-8188-C8239AB9BC09}"
EndProject
Project("{9A19103F-16F7-4668-BE54-9A1E7A4F7556}") = "005Array_Random_filling_and_select_print", "005Array_Random_filling_and_select_print\005Array_Random_filling_and_select_print.csproj", "{ABB8F0EB-3E8B-4540-8C2B-C87FE70A6306}"
EndProject
Project("{2150E333-8FDC-42A3-9474-1A3956D46DE8}") = "DataStructure_CShap", "DataStructure_CShap", "{5E157410-B59A-46F0-9771-64DDBAB37C23}"
EndProject
Project("{9A19103F-16F7-4668-BE54-9A1E7A4F7556}") = "01Data_Structure01", "01Data_Structure01\01Data_Structure01.csproj", "{29536068-268D-4E02-A8EA-06EAA7AC58EA}"
EndProject
Project("{9A19103F-16F7-4668-BE54-9A1E7A4F7556}") = "02Array", "02Array\02Array.csproj", "{83C48A0C-C40B-40F3-B25C-7BEB3A6BF783}"
EndProject
Project("{9A19103F-16F7-4668-BE54-9A1E7A4F7556}") = "06Tree", "06Tree\06Tree.csproj", "{9CBAA823-283B-4401-AC95-B01A881A4396}"
EndProject
Project("{9A19103F-16F7-4668-BE54-9A1E7A4F7556}") = "06TreeLCRS", "06TreeLCRS\06TreeLCRS.csproj", "{F4080C11-CDC6-41E7-86FC-404372149A22}"
EndProject
Project("{9A19103F-16F7-4668-BE54-9A1E7A4F7556}") = "07BinaryTree", "07BinaryTree\07BinaryTree.csproj", "{B24E4BC4-86FA-4200-ACDB-7C2EC33F00A5}"
EndProject
Project("{9A19103F-16F7-4668-BE54-9A1E7A4F7556}") = "03LinkedList", "03LinkedList\03LinkedList.csproj", "{FDBF79FA-0568-49D6-BF98-D9752316E2FC}"
EndProject
Project("{FAE04EC0-301F-11D3-BF4B-00C04F79EFBC}") = "38DataStructure", "38DataStructure\38DataStructure.csproj", "{49E9D3B4-44BF-4F93-8790-76E684E15349}"
EndProject
Project("{FAE04EC0-301F-11D3-BF4B-00C04F79EFBC}") = "005Dictionary", "005Dictionary\005Dictionary.csproj", "{E41C0768-9023-422C-900D-BC7247D1994B}"
EndProject
Global
	GlobalSection(SolutionConfigurationPlatforms) = preSolution
		Debug|Any CPU = Debug|Any CPU
		Release|Any CPU = Release|Any CPU
	EndGlobalSection
	GlobalSection(ProjectConfigurationPlatforms) = postSolution
		{8C785816-822B-4E17-9827-3BED2E245572}.Debug|Any CPU.ActiveCfg = Debug|Any CPU
		{8C785816-822B-4E17-9827-3BED2E245572}.Debug|Any CPU.Build.0 = Debug|Any CPU
		{8C785816-822B-4E17-9827-3BED2E245572}.Release|Any CPU.ActiveCfg = Release|Any CPU
		{8C785816-822B-4E17-9827-3BED2E245572}.Release|Any CPU.Build.0 = Release|Any CPU
		{3D088BA9-24D9-4A7E-BD0D-990AA5E0014F}.Debug|Any CPU.ActiveCfg = Debug|Any CPU
		{3D088BA9-24D9-4A7E-BD0D-990AA5E0014F}.Debug|Any CPU.Build.0 = Debug|Any CPU
		{3D088BA9-24D9-4A7E-BD0D-990AA5E0014F}.Release|Any CPU.ActiveCfg = Release|Any CPU
		{3D088BA9-24D9-4A7E-BD0D-990AA5E0014F}.Release|Any CPU.Build.0 = Release|Any CPU
		{F02B5470-1E26-48A7-9D04-3B8C4EB5CB40}.Debug|Any CPU.ActiveCfg = Debug|Any CPU
		{F02B5470-1E26-48A7-9D04-3B8C4EB5CB40}.Debug|Any CPU.Build.0 = Debug|Any CPU
		{F02B5470-1E26-48A7-9D04-3B8C4EB5CB40}.Release|Any CPU.ActiveCfg = Release|Any CPU
		{F02B5470-1E26-48A7-9D04-3B8C4EB5CB40}.Release|Any CPU.Build.0 = Release|Any CPU
		{6140CCB6-7993-48AE-AE28-2B7AEDC85639}.Debug|Any CPU.ActiveCfg = Debug|Any CPU
		{6140CCB6-7993-48AE-AE28-2B7AEDC85639}.Debug|Any CPU.Build.0 = Debug|Any CPU
		{6140CCB6-7993-48AE-AE28-2B7AEDC85639}.Release|Any CPU.ActiveCfg = Release|Any CPU
		{6140CCB6-7993-48AE-AE28-2B7AEDC85639}.Release|Any CPU.Build.0 = Release|Any CPU
		{775B5043-B57D-41E9-A6E0-BAA26A9730DD}.Debug|Any CPU.ActiveCfg = Debug|Any CPU
		{775B5043-B57D-41E9-A6E0-BAA26A9730DD}.Debug|Any CPU.Build.0 = Debug|Any CPU
		{775B5043-B57D-41E9-A6E0-BAA26A9730DD}.Release|Any CPU.ActiveCfg = Release|Any CPU
		{775B5043-B57D-41E9-A6E0-BAA26A9730DD}.Release|Any CPU.Build.0 = Release|Any CPU
		{9632D9F8-8EDA-40EC-83DF-E95AD0065A73}.Debug|Any CPU.ActiveCfg = Debug|Any CPU
		{9632D9F8-8EDA-40EC-83DF-E95AD0065A73}.Debug|Any CPU.Build.0 = Debug|Any CPU
		{9632D9F8-8EDA-40EC-83DF-E95AD0065A73}.Release|Any CPU.ActiveCfg = Release|Any CPU
		{9632D9F8-8EDA-40EC-83DF-E95AD0065A73}.Release|Any CPU.Build.0 = Release|Any CPU
		{41EE4965-73D8-4898-8FBF-EA960D902E98}.Debug|Any CPU.ActiveCfg = Debug|Any CPU
		{41EE4965-73D8-4898-8FBF-EA960D902E98}.Debug|Any CPU.Build.0 = Debug|Any CPU
		{41EE4965-73D8-4898-8FBF-EA960D902E98}.Release|Any CPU.ActiveCfg = Release|Any CPU
		{41EE4965-73D8-4898-8FBF-EA960D902E98}.Release|Any CPU.Build.0 = Release|Any CPU
		{24C85CD1-D95B-41E5-9053-66D716721787}.Debug|Any CPU.ActiveCfg = Debug|Any CPU
		{24C85CD1-D95B-41E5-9053-66D716721787}.Debug|Any CPU.Build.0 = Debug|Any CPU
		{24C85CD1-D95B-41E5-9053-66D716721787}.Release|Any CPU.ActiveCfg = Release|Any CPU
		{24C85CD1-D95B-41E5-9053-66D716721787}.Release|Any CPU.Build.0 = Release|Any CPU
		{D6472F1F-4EAF-43E0-8195-DE241D36ADAF}.Debug|Any CPU.ActiveCfg = Debug|Any CPU
		{D6472F1F-4EAF-43E0-8195-DE241D36ADAF}.Debug|Any CPU.Build.0 = Debug|Any CPU
		{D6472F1F-4EAF-43E0-8195-DE241D36ADAF}.Release|Any CPU.ActiveCfg = Release|Any CPU
		{D6472F1F-4EAF-43E0-8195-DE241D36ADAF}.Release|Any CPU.Build.0 = Release|Any CPU
		{1F522F7F-382A-43B1-95ED-93B1F3395511}.Debug|Any CPU.ActiveCfg = Debug|Any CPU
		{1F522F7F-382A-43B1-95ED-93B1F3395511}.Debug|Any CPU.Build.0 = Debug|Any CPU
		{1F522F7F-382A-43B1-95ED-93B1F3395511}.Release|Any CPU.ActiveCfg = Release|Any CPU
		{1F522F7F-382A-43B1-95ED-93B1F3395511}.Release|Any CPU.Build.0 = Release|Any CPU
		{4521E513-0BBA-47AC-8F0D-57542D8696FF}.Debug|Any CPU.ActiveCfg = Debug|Any CPU
		{4521E513-0BBA-47AC-8F0D-57542D8696FF}.Debug|Any CPU.Build.0 = Debug|Any CPU
		{4521E513-0BBA-47AC-8F0D-57542D8696FF}.Release|Any CPU.ActiveCfg = Release|Any CPU
		{4521E513-0BBA-47AC-8F0D-57542D8696FF}.Release|Any CPU.Build.0 = Release|Any CPU
		{66C25802-0393-4113-B339-B2E54A8593C1}.Debug|Any CPU.ActiveCfg = Debug|Any CPU
		{66C25802-0393-4113-B339-B2E54A8593C1}.Debug|Any CPU.Build.0 = Debug|Any CPU
		{66C25802-0393-4113-B339-B2E54A8593C1}.Release|Any CPU.ActiveCfg = Release|Any CPU
		{66C25802-0393-4113-B339-B2E54A8593C1}.Release|Any CPU.Build.0 = Release|Any CPU
		{A58F1D2F-CBBA-4CB4-849D-1D343F63E22F}.Debug|Any CPU.ActiveCfg = Debug|Any CPU
		{A58F1D2F-CBBA-4CB4-849D-1D343F63E22F}.Debug|Any CPU.Build.0 = Debug|Any CPU
		{A58F1D2F-CBBA-4CB4-849D-1D343F63E22F}.Release|Any CPU.ActiveCfg = Release|Any CPU
		{A58F1D2F-CBBA-4CB4-849D-1D343F63E22F}.Release|Any CPU.Build.0 = Release|Any CPU
		{823C9739-1A8A-467E-8312-02C5C013106C}.Debug|Any CPU.ActiveCfg = Debug|Any CPU
		{823C9739-1A8A-467E-8312-02C5C013106C}.Debug|Any CPU.Build.0 = Debug|Any CPU
		{823C9739-1A8A-467E-8312-02C5C013106C}.Release|Any CPU.ActiveCfg = Release|Any CPU
		{823C9739-1A8A-467E-8312-02C5C013106C}.Release|Any CPU.Build.0 = Release|Any CPU
		{AA15B335-2AD9-4D94-84F2-51C36A2D34A5}.Debug|Any CPU.ActiveCfg = Debug|Any CPU
		{AA15B335-2AD9-4D94-84F2-51C36A2D34A5}.Debug|Any CPU.Build.0 = Debug|Any CPU
		{AA15B335-2AD9-4D94-84F2-51C36A2D34A5}.Release|Any CPU.ActiveCfg = Release|Any CPU
		{AA15B335-2AD9-4D94-84F2-51C36A2D34A5}.Release|Any CPU.Build.0 = Release|Any CPU
		{DDCC9321-5003-4DC0-A05B-1482A0CE247C}.Debug|Any CPU.ActiveCfg = Debug|Any CPU
		{DDCC9321-5003-4DC0-A05B-1482A0CE247C}.Debug|Any CPU.Build.0 = Debug|Any CPU
		{DDCC9321-5003-4DC0-A05B-1482A0CE247C}.Release|Any CPU.ActiveCfg = Release|Any CPU
		{DDCC9321-5003-4DC0-A05B-1482A0CE247C}.Release|Any CPU.Build.0 = Release|Any CPU
		{AD6BEE15-10B3-44AA-AD9D-1216A71CAF76}.Debug|Any CPU.ActiveCfg = Debug|Any CPU
		{AD6BEE15-10B3-44AA-AD9D-1216A71CAF76}.Debug|Any CPU.Build.0 = Debug|Any CPU
		{AD6BEE15-10B3-44AA-AD9D-1216A71CAF76}.Release|Any CPU.ActiveCfg = Release|Any CPU
		{AD6BEE15-10B3-44AA-AD9D-1216A71CAF76}.Release|Any CPU.Build.0 = Release|Any CPU
		{7AAF0F8B-D9B8-4EED-A4E4-5F171163E55C}.Debug|Any CPU.ActiveCfg = Debug|Any CPU
		{7AAF0F8B-D9B8-4EED-A4E4-5F171163E55C}.Debug|Any CPU.Build.0 = Debug|Any CPU
		{7AAF0F8B-D9B8-4EED-A4E4-5F171163E55C}.Release|Any CPU.ActiveCfg = Release|Any CPU
		{7AAF0F8B-D9B8-4EED-A4E4-5F171163E55C}.Release|Any CPU.Build.0 = Release|Any CPU
		{B78438B9-CFA2-448C-867B-D5200B6D81AA}.Debug|Any CPU.ActiveCfg = Debug|Any CPU
		{B78438B9-CFA2-448C-867B-D5200B6D81AA}.Debug|Any CPU.Build.0 = Debug|Any CPU
		{B78438B9-CFA2-448C-867B-D5200B6D81AA}.Release|Any CPU.ActiveCfg = Release|Any CPU
		{B78438B9-CFA2-448C-867B-D5200B6D81AA}.Release|Any CPU.Build.0 = Release|Any CPU
		{ACE0CF62-047D-47CF-AC27-28DFCAFF3F22}.Debug|Any CPU.ActiveCfg = Debug|Any CPU
		{ACE0CF62-047D-47CF-AC27-28DFCAFF3F22}.Debug|Any CPU.Build.0 = Debug|Any CPU
		{ACE0CF62-047D-47CF-AC27-28DFCAFF3F22}.Release|Any CPU.ActiveCfg = Release|Any CPU
		{ACE0CF62-047D-47CF-AC27-28DFCAFF3F22}.Release|Any CPU.Build.0 = Release|Any CPU
		{50E66EFE-CC09-43B1-B474-A4542E9B0F2F}.Debug|Any CPU.ActiveCfg = Debug|Any CPU
		{50E66EFE-CC09-43B1-B474-A4542E9B0F2F}.Debug|Any CPU.Build.0 = Debug|Any CPU
		{50E66EFE-CC09-43B1-B474-A4542E9B0F2F}.Release|Any CPU.ActiveCfg = Release|Any CPU
		{50E66EFE-CC09-43B1-B474-A4542E9B0F2F}.Release|Any CPU.Build.0 = Release|Any CPU
		{EABAA50C-B207-479B-94D2-02BC21AF43AE}.Debug|Any CPU.ActiveCfg = Debug|Any CPU
		{EABAA50C-B207-479B-94D2-02BC21AF43AE}.Debug|Any CPU.Build.0 = Debug|Any CPU
		{EABAA50C-B207-479B-94D2-02BC21AF43AE}.Release|Any CPU.ActiveCfg = Release|Any CPU
		{EABAA50C-B207-479B-94D2-02BC21AF43AE}.Release|Any CPU.Build.0 = Release|Any CPU
		{DE88BEE2-FCF6-44AC-BB97-FD71243827FD}.Debug|Any CPU.ActiveCfg = Debug|Any CPU
		{DE88BEE2-FCF6-44AC-BB97-FD71243827FD}.Debug|Any CPU.Build.0 = Debug|Any CPU
		{DE88BEE2-FCF6-44AC-BB97-FD71243827FD}.Release|Any CPU.ActiveCfg = Release|Any CPU
		{DE88BEE2-FCF6-44AC-BB97-FD71243827FD}.Release|Any CPU.Build.0 = Release|Any CPU
		{9502EF76-F7D6-4DA3-8BAC-A38B96E745EC}.Debug|Any CPU.ActiveCfg = Debug|Any CPU
		{9502EF76-F7D6-4DA3-8BAC-A38B96E745EC}.Debug|Any CPU.Build.0 = Debug|Any CPU
		{9502EF76-F7D6-4DA3-8BAC-A38B96E745EC}.Release|Any CPU.ActiveCfg = Release|Any CPU
		{9502EF76-F7D6-4DA3-8BAC-A38B96E745EC}.Release|Any CPU.Build.0 = Release|Any CPU
		{93F39962-21F5-4B9E-A6B7-95F7565934ED}.Debug|Any CPU.ActiveCfg = Debug|Any CPU
		{93F39962-21F5-4B9E-A6B7-95F7565934ED}.Debug|Any CPU.Build.0 = Debug|Any CPU
		{93F39962-21F5-4B9E-A6B7-95F7565934ED}.Release|Any CPU.ActiveCfg = Release|Any CPU
		{93F39962-21F5-4B9E-A6B7-95F7565934ED}.Release|Any CPU.Build.0 = Release|Any CPU
		{32C85A2A-FAF5-4C53-AE43-619CFAFE732C}.Debug|Any CPU.ActiveCfg = Debug|Any CPU
		{32C85A2A-FAF5-4C53-AE43-619CFAFE732C}.Debug|Any CPU.Build.0 = Debug|Any CPU
		{32C85A2A-FAF5-4C53-AE43-619CFAFE732C}.Release|Any CPU.ActiveCfg = Release|Any CPU
		{32C85A2A-FAF5-4C53-AE43-619CFAFE732C}.Release|Any CPU.Build.0 = Release|Any CPU
		{4F1D0B0C-2ED9-4D14-A5EB-0EA88327CE8F}.Debug|Any CPU.ActiveCfg = Debug|Any CPU
		{4F1D0B0C-2ED9-4D14-A5EB-0EA88327CE8F}.Debug|Any CPU.Build.0 = Debug|Any CPU
		{4F1D0B0C-2ED9-4D14-A5EB-0EA88327CE8F}.Release|Any CPU.ActiveCfg = Release|Any CPU
		{4F1D0B0C-2ED9-4D14-A5EB-0EA88327CE8F}.Release|Any CPU.Build.0 = Release|Any CPU
		{160582C3-AA41-4C52-ABC8-94103A072170}.Debug|Any CPU.ActiveCfg = Debug|Any CPU
		{160582C3-AA41-4C52-ABC8-94103A072170}.Debug|Any CPU.Build.0 = Debug|Any CPU
		{160582C3-AA41-4C52-ABC8-94103A072170}.Release|Any CPU.ActiveCfg = Release|Any CPU
		{160582C3-AA41-4C52-ABC8-94103A072170}.Release|Any CPU.Build.0 = Release|Any CPU
		{9025E55A-1E45-4FF9-93B1-1146CAA8AFC6}.Debug|Any CPU.ActiveCfg = Debug|Any CPU
		{9025E55A-1E45-4FF9-93B1-1146CAA8AFC6}.Debug|Any CPU.Build.0 = Debug|Any CPU
		{9025E55A-1E45-4FF9-93B1-1146CAA8AFC6}.Release|Any CPU.ActiveCfg = Release|Any CPU
		{9025E55A-1E45-4FF9-93B1-1146CAA8AFC6}.Release|Any CPU.Build.0 = Release|Any CPU
		{429A511F-D93B-4B1E-B62C-5F58DF47CBFE}.Debug|Any CPU.ActiveCfg = Debug|Any CPU
		{429A511F-D93B-4B1E-B62C-5F58DF47CBFE}.Debug|Any CPU.Build.0 = Debug|Any CPU
		{429A511F-D93B-4B1E-B62C-5F58DF47CBFE}.Release|Any CPU.ActiveCfg = Release|Any CPU
		{429A511F-D93B-4B1E-B62C-5F58DF47CBFE}.Release|Any CPU.Build.0 = Release|Any CPU
		{920F6C59-CDFD-4523-AE38-4C5C66820918}.Debug|Any CPU.ActiveCfg = Debug|Any CPU
		{920F6C59-CDFD-4523-AE38-4C5C66820918}.Debug|Any CPU.Build.0 = Debug|Any CPU
		{920F6C59-CDFD-4523-AE38-4C5C66820918}.Release|Any CPU.ActiveCfg = Release|Any CPU
		{920F6C59-CDFD-4523-AE38-4C5C66820918}.Release|Any CPU.Build.0 = Release|Any CPU
		{BE0BB6AF-373C-425C-A64D-2F0FD1E0ADCB}.Debug|Any CPU.ActiveCfg = Debug|Any CPU
		{BE0BB6AF-373C-425C-A64D-2F0FD1E0ADCB}.Debug|Any CPU.Build.0 = Debug|Any CPU
		{BE0BB6AF-373C-425C-A64D-2F0FD1E0ADCB}.Release|Any CPU.ActiveCfg = Release|Any CPU
		{BE0BB6AF-373C-425C-A64D-2F0FD1E0ADCB}.Release|Any CPU.Build.0 = Release|Any CPU
		{9F2E0C19-3EA1-4F57-B4DE-24AE0EC9AE7D}.Debug|Any CPU.ActiveCfg = Debug|Any CPU
		{9F2E0C19-3EA1-4F57-B4DE-24AE0EC9AE7D}.Debug|Any CPU.Build.0 = Debug|Any CPU
		{9F2E0C19-3EA1-4F57-B4DE-24AE0EC9AE7D}.Release|Any CPU.ActiveCfg = Release|Any CPU
		{9F2E0C19-3EA1-4F57-B4DE-24AE0EC9AE7D}.Release|Any CPU.Build.0 = Release|Any CPU
		{E87AB0D9-61FC-48DE-A617-39DA65446B9D}.Debug|Any CPU.ActiveCfg = Debug|Any CPU
		{E87AB0D9-61FC-48DE-A617-39DA65446B9D}.Debug|Any CPU.Build.0 = Debug|Any CPU
		{E87AB0D9-61FC-48DE-A617-39DA65446B9D}.Release|Any CPU.ActiveCfg = Release|Any CPU
		{E87AB0D9-61FC-48DE-A617-39DA65446B9D}.Release|Any CPU.Build.0 = Release|Any CPU
		{FE451C2D-8C56-4AB8-BB35-BD55DE19CE7D}.Debug|Any CPU.ActiveCfg = Debug|Any CPU
		{FE451C2D-8C56-4AB8-BB35-BD55DE19CE7D}.Debug|Any CPU.Build.0 = Debug|Any CPU
		{FE451C2D-8C56-4AB8-BB35-BD55DE19CE7D}.Release|Any CPU.ActiveCfg = Release|Any CPU
		{FE451C2D-8C56-4AB8-BB35-BD55DE19CE7D}.Release|Any CPU.Build.0 = Release|Any CPU
		{576752A5-1D58-4038-ACB4-BD8745D934C4}.Debug|Any CPU.ActiveCfg = Debug|Any CPU
		{576752A5-1D58-4038-ACB4-BD8745D934C4}.Debug|Any CPU.Build.0 = Debug|Any CPU
		{576752A5-1D58-4038-ACB4-BD8745D934C4}.Release|Any CPU.ActiveCfg = Release|Any CPU
		{576752A5-1D58-4038-ACB4-BD8745D934C4}.Release|Any CPU.Build.0 = Release|Any CPU
		{DAFFE7ED-9E46-43D1-86C4-211F597A4920}.Debug|Any CPU.ActiveCfg = Debug|Any CPU
		{DAFFE7ED-9E46-43D1-86C4-211F597A4920}.Debug|Any CPU.Build.0 = Debug|Any CPU
		{DAFFE7ED-9E46-43D1-86C4-211F597A4920}.Release|Any CPU.ActiveCfg = Release|Any CPU
		{DAFFE7ED-9E46-43D1-86C4-211F597A4920}.Release|Any CPU.Build.0 = Release|Any CPU
		{8A57BCE6-F330-4643-8AEF-BEB08C756BD5}.Debug|Any CPU.ActiveCfg = Debug|Any CPU
		{8A57BCE6-F330-4643-8AEF-BEB08C756BD5}.Debug|Any CPU.Build.0 = Debug|Any CPU
		{8A57BCE6-F330-4643-8AEF-BEB08C756BD5}.Release|Any CPU.ActiveCfg = Release|Any CPU
		{8A57BCE6-F330-4643-8AEF-BEB08C756BD5}.Release|Any CPU.Build.0 = Release|Any CPU
		{6CD80139-3C29-488A-8C7A-5491C635C987}.Debug|Any CPU.ActiveCfg = Debug|Any CPU
		{6CD80139-3C29-488A-8C7A-5491C635C987}.Debug|Any CPU.Build.0 = Debug|Any CPU
		{6CD80139-3C29-488A-8C7A-5491C635C987}.Release|Any CPU.ActiveCfg = Release|Any CPU
		{6CD80139-3C29-488A-8C7A-5491C635C987}.Release|Any CPU.Build.0 = Release|Any CPU
		{0734E84D-726F-4C90-BDBE-1A7E5472EB77}.Debug|Any CPU.ActiveCfg = Debug|Any CPU
		{0734E84D-726F-4C90-BDBE-1A7E5472EB77}.Debug|Any CPU.Build.0 = Debug|Any CPU
		{0734E84D-726F-4C90-BDBE-1A7E5472EB77}.Release|Any CPU.ActiveCfg = Release|Any CPU
		{0734E84D-726F-4C90-BDBE-1A7E5472EB77}.Release|Any CPU.Build.0 = Release|Any CPU
		{F01B4998-6134-4922-8161-67C3B9B5FE05}.Debug|Any CPU.ActiveCfg = Debug|Any CPU
		{F01B4998-6134-4922-8161-67C3B9B5FE05}.Debug|Any CPU.Build.0 = Debug|Any CPU
		{F01B4998-6134-4922-8161-67C3B9B5FE05}.Release|Any CPU.ActiveCfg = Release|Any CPU
		{F01B4998-6134-4922-8161-67C3B9B5FE05}.Release|Any CPU.Build.0 = Release|Any CPU
		{9CA00DA8-F1BB-4B5A-8565-FA28D9625855}.Debug|Any CPU.ActiveCfg = Debug|Any CPU
		{9CA00DA8-F1BB-4B5A-8565-FA28D9625855}.Debug|Any CPU.Build.0 = Debug|Any CPU
		{9CA00DA8-F1BB-4B5A-8565-FA28D9625855}.Release|Any CPU.ActiveCfg = Release|Any CPU
		{9CA00DA8-F1BB-4B5A-8565-FA28D9625855}.Release|Any CPU.Build.0 = Release|Any CPU
		{99F66C65-01D9-4B6C-8DEF-F1024D7E900E}.Debug|Any CPU.ActiveCfg = Debug|Any CPU
		{99F66C65-01D9-4B6C-8DEF-F1024D7E900E}.Debug|Any CPU.Build.0 = Debug|Any CPU
		{99F66C65-01D9-4B6C-8DEF-F1024D7E900E}.Release|Any CPU.ActiveCfg = Release|Any CPU
		{99F66C65-01D9-4B6C-8DEF-F1024D7E900E}.Release|Any CPU.Build.0 = Release|Any CPU
		{CA390D8E-BBDD-4ACA-AC6D-0A00AFC2EB2A}.Debug|Any CPU.ActiveCfg = Debug|Any CPU
		{CA390D8E-BBDD-4ACA-AC6D-0A00AFC2EB2A}.Debug|Any CPU.Build.0 = Debug|Any CPU
		{CA390D8E-BBDD-4ACA-AC6D-0A00AFC2EB2A}.Release|Any CPU.ActiveCfg = Release|Any CPU
		{CA390D8E-BBDD-4ACA-AC6D-0A00AFC2EB2A}.Release|Any CPU.Build.0 = Release|Any CPU
		{DE3FE74A-4449-403E-BF29-BF6155B41FC8}.Debug|Any CPU.ActiveCfg = Debug|Any CPU
		{DE3FE74A-4449-403E-BF29-BF6155B41FC8}.Debug|Any CPU.Build.0 = Debug|Any CPU
		{DE3FE74A-4449-403E-BF29-BF6155B41FC8}.Release|Any CPU.ActiveCfg = Release|Any CPU
		{DE3FE74A-4449-403E-BF29-BF6155B41FC8}.Release|Any CPU.Build.0 = Release|Any CPU
		{8FA3831B-2DA8-4483-99E4-8571A01210F1}.Debug|Any CPU.ActiveCfg = Debug|Any CPU
		{8FA3831B-2DA8-4483-99E4-8571A01210F1}.Debug|Any CPU.Build.0 = Debug|Any CPU
		{8FA3831B-2DA8-4483-99E4-8571A01210F1}.Release|Any CPU.ActiveCfg = Release|Any CPU
		{8FA3831B-2DA8-4483-99E4-8571A01210F1}.Release|Any CPU.Build.0 = Release|Any CPU
		{16A619D4-D131-4332-B207-E202CDF9DFF8}.Debug|Any CPU.ActiveCfg = Debug|Any CPU
		{16A619D4-D131-4332-B207-E202CDF9DFF8}.Debug|Any CPU.Build.0 = Debug|Any CPU
		{16A619D4-D131-4332-B207-E202CDF9DFF8}.Release|Any CPU.ActiveCfg = Release|Any CPU
		{16A619D4-D131-4332-B207-E202CDF9DFF8}.Release|Any CPU.Build.0 = Release|Any CPU
		{73E88B7B-B333-4141-9BD4-BD08CA57CE9F}.Debug|Any CPU.ActiveCfg = Debug|Any CPU
		{73E88B7B-B333-4141-9BD4-BD08CA57CE9F}.Debug|Any CPU.Build.0 = Debug|Any CPU
		{73E88B7B-B333-4141-9BD4-BD08CA57CE9F}.Release|Any CPU.ActiveCfg = Release|Any CPU
		{73E88B7B-B333-4141-9BD4-BD08CA57CE9F}.Release|Any CPU.Build.0 = Release|Any CPU
		{9074925B-97C0-458A-A3C3-F50B70F3734D}.Debug|Any CPU.ActiveCfg = Debug|Any CPU
		{9074925B-97C0-458A-A3C3-F50B70F3734D}.Debug|Any CPU.Build.0 = Debug|Any CPU
		{9074925B-97C0-458A-A3C3-F50B70F3734D}.Release|Any CPU.ActiveCfg = Release|Any CPU
		{9074925B-97C0-458A-A3C3-F50B70F3734D}.Release|Any CPU.Build.0 = Release|Any CPU
		{807118B2-514C-4DEF-BC46-615CB6C33B95}.Debug|Any CPU.ActiveCfg = Debug|Any CPU
		{807118B2-514C-4DEF-BC46-615CB6C33B95}.Debug|Any CPU.Build.0 = Debug|Any CPU
		{807118B2-514C-4DEF-BC46-615CB6C33B95}.Release|Any CPU.ActiveCfg = Release|Any CPU
		{807118B2-514C-4DEF-BC46-615CB6C33B95}.Release|Any CPU.Build.0 = Release|Any CPU
		{C25D472F-B74A-48E3-A296-62FB8217E9B0}.Debug|Any CPU.ActiveCfg = Debug|Any CPU
		{C25D472F-B74A-48E3-A296-62FB8217E9B0}.Debug|Any CPU.Build.0 = Debug|Any CPU
		{C25D472F-B74A-48E3-A296-62FB8217E9B0}.Release|Any CPU.ActiveCfg = Release|Any CPU
		{C25D472F-B74A-48E3-A296-62FB8217E9B0}.Release|Any CPU.Build.0 = Release|Any CPU
		{D24647AE-8042-4FA5-83CF-9277FF654CE9}.Debug|Any CPU.ActiveCfg = Debug|Any CPU
		{D24647AE-8042-4FA5-83CF-9277FF654CE9}.Debug|Any CPU.Build.0 = Debug|Any CPU
		{D24647AE-8042-4FA5-83CF-9277FF654CE9}.Release|Any CPU.ActiveCfg = Release|Any CPU
		{D24647AE-8042-4FA5-83CF-9277FF654CE9}.Release|Any CPU.Build.0 = Release|Any CPU
		{3B6F7450-264C-45A5-B314-7D4649BA34C1}.Debug|Any CPU.ActiveCfg = Debug|Any CPU
		{3B6F7450-264C-45A5-B314-7D4649BA34C1}.Debug|Any CPU.Build.0 = Debug|Any CPU
		{3B6F7450-264C-45A5-B314-7D4649BA34C1}.Release|Any CPU.ActiveCfg = Release|Any CPU
		{3B6F7450-264C-45A5-B314-7D4649BA34C1}.Release|Any CPU.Build.0 = Release|Any CPU
		{E05AE464-592B-410A-937D-A13114B25080}.Debug|Any CPU.ActiveCfg = Debug|Any CPU
		{E05AE464-592B-410A-937D-A13114B25080}.Debug|Any CPU.Build.0 = Debug|Any CPU
		{E05AE464-592B-410A-937D-A13114B25080}.Release|Any CPU.ActiveCfg = Release|Any CPU
		{E05AE464-592B-410A-937D-A13114B25080}.Release|Any CPU.Build.0 = Release|Any CPU
		{7601B98F-E8CE-4CFB-98B7-97D2BA91D3A5}.Debug|Any CPU.ActiveCfg = Debug|Any CPU
		{7601B98F-E8CE-4CFB-98B7-97D2BA91D3A5}.Debug|Any CPU.Build.0 = Debug|Any CPU
		{7601B98F-E8CE-4CFB-98B7-97D2BA91D3A5}.Release|Any CPU.ActiveCfg = Release|Any CPU
		{7601B98F-E8CE-4CFB-98B7-97D2BA91D3A5}.Release|Any CPU.Build.0 = Release|Any CPU
		{36230D5E-C3DD-4AEE-AAAC-78E27D6BD165}.Debug|Any CPU.ActiveCfg = Debug|Any CPU
		{36230D5E-C3DD-4AEE-AAAC-78E27D6BD165}.Debug|Any CPU.Build.0 = Debug|Any CPU
		{36230D5E-C3DD-4AEE-AAAC-78E27D6BD165}.Release|Any CPU.ActiveCfg = Release|Any CPU
		{36230D5E-C3DD-4AEE-AAAC-78E27D6BD165}.Release|Any CPU.Build.0 = Release|Any CPU
		{3DEFB672-5638-4EBA-8188-C8239AB9BC09}.Debug|Any CPU.ActiveCfg = Debug|Any CPU
		{3DEFB672-5638-4EBA-8188-C8239AB9BC09}.Debug|Any CPU.Build.0 = Debug|Any CPU
		{3DEFB672-5638-4EBA-8188-C8239AB9BC09}.Release|Any CPU.ActiveCfg = Release|Any CPU
		{3DEFB672-5638-4EBA-8188-C8239AB9BC09}.Release|Any CPU.Build.0 = Release|Any CPU
		{ABB8F0EB-3E8B-4540-8C2B-C87FE70A6306}.Debug|Any CPU.ActiveCfg = Debug|Any CPU
		{ABB8F0EB-3E8B-4540-8C2B-C87FE70A6306}.Debug|Any CPU.Build.0 = Debug|Any CPU
		{ABB8F0EB-3E8B-4540-8C2B-C87FE70A6306}.Release|Any CPU.ActiveCfg = Release|Any CPU
		{ABB8F0EB-3E8B-4540-8C2B-C87FE70A6306}.Release|Any CPU.Build.0 = Release|Any CPU
		{29536068-268D-4E02-A8EA-06EAA7AC58EA}.Debug|Any CPU.ActiveCfg = Debug|Any CPU
		{29536068-268D-4E02-A8EA-06EAA7AC58EA}.Debug|Any CPU.Build.0 = Debug|Any CPU
		{29536068-268D-4E02-A8EA-06EAA7AC58EA}.Release|Any CPU.ActiveCfg = Release|Any CPU
		{29536068-268D-4E02-A8EA-06EAA7AC58EA}.Release|Any CPU.Build.0 = Release|Any CPU
		{83C48A0C-C40B-40F3-B25C-7BEB3A6BF783}.Debug|Any CPU.ActiveCfg = Debug|Any CPU
		{83C48A0C-C40B-40F3-B25C-7BEB3A6BF783}.Debug|Any CPU.Build.0 = Debug|Any CPU
		{83C48A0C-C40B-40F3-B25C-7BEB3A6BF783}.Release|Any CPU.ActiveCfg = Release|Any CPU
		{83C48A0C-C40B-40F3-B25C-7BEB3A6BF783}.Release|Any CPU.Build.0 = Release|Any CPU
		{9CBAA823-283B-4401-AC95-B01A881A4396}.Debug|Any CPU.ActiveCfg = Debug|Any CPU
		{9CBAA823-283B-4401-AC95-B01A881A4396}.Debug|Any CPU.Build.0 = Debug|Any CPU
		{9CBAA823-283B-4401-AC95-B01A881A4396}.Release|Any CPU.ActiveCfg = Release|Any CPU
		{9CBAA823-283B-4401-AC95-B01A881A4396}.Release|Any CPU.Build.0 = Release|Any CPU
		{F4080C11-CDC6-41E7-86FC-404372149A22}.Debug|Any CPU.ActiveCfg = Debug|Any CPU
		{F4080C11-CDC6-41E7-86FC-404372149A22}.Debug|Any CPU.Build.0 = Debug|Any CPU
		{F4080C11-CDC6-41E7-86FC-404372149A22}.Release|Any CPU.ActiveCfg = Release|Any CPU
		{F4080C11-CDC6-41E7-86FC-404372149A22}.Release|Any CPU.Build.0 = Release|Any CPU
		{B24E4BC4-86FA-4200-ACDB-7C2EC33F00A5}.Debug|Any CPU.ActiveCfg = Debug|Any CPU
		{B24E4BC4-86FA-4200-ACDB-7C2EC33F00A5}.Debug|Any CPU.Build.0 = Debug|Any CPU
		{B24E4BC4-86FA-4200-ACDB-7C2EC33F00A5}.Release|Any CPU.ActiveCfg = Release|Any CPU
		{B24E4BC4-86FA-4200-ACDB-7C2EC33F00A5}.Release|Any CPU.Build.0 = Release|Any CPU
		{FDBF79FA-0568-49D6-BF98-D9752316E2FC}.Debug|Any CPU.ActiveCfg = Debug|Any CPU
		{FDBF79FA-0568-49D6-BF98-D9752316E2FC}.Debug|Any CPU.Build.0 = Debug|Any CPU
		{FDBF79FA-0568-49D6-BF98-D9752316E2FC}.Release|Any CPU.ActiveCfg = Release|Any CPU
		{FDBF79FA-0568-49D6-BF98-D9752316E2FC}.Release|Any CPU.Build.0 = Release|Any CPU
		{49E9D3B4-44BF-4F93-8790-76E684E15349}.Debug|Any CPU.ActiveCfg = Debug|Any CPU
		{49E9D3B4-44BF-4F93-8790-76E684E15349}.Debug|Any CPU.Build.0 = Debug|Any CPU
		{49E9D3B4-44BF-4F93-8790-76E684E15349}.Release|Any CPU.ActiveCfg = Release|Any CPU
		{49E9D3B4-44BF-4F93-8790-76E684E15349}.Release|Any CPU.Build.0 = Release|Any CPU
		{E41C0768-9023-422C-900D-BC7247D1994B}.Debug|Any CPU.ActiveCfg = Debug|Any CPU
		{E41C0768-9023-422C-900D-BC7247D1994B}.Debug|Any CPU.Build.0 = Debug|Any CPU
		{E41C0768-9023-422C-900D-BC7247D1994B}.Release|Any CPU.ActiveCfg = Release|Any CPU
		{E41C0768-9023-422C-900D-BC7247D1994B}.Release|Any CPU.Build.0 = Release|Any CPU
	EndGlobalSection
	GlobalSection(SolutionProperties) = preSolution
		HideSolutionNode = FALSE
	EndGlobalSection
	GlobalSection(NestedProjects) = preSolution
		{8C785816-822B-4E17-9827-3BED2E245572} = {0884D149-0809-4A16-A212-525E09AAE4B0}
		{3D088BA9-24D9-4A7E-BD0D-990AA5E0014F} = {0884D149-0809-4A16-A212-525E09AAE4B0}
		{F02B5470-1E26-48A7-9D04-3B8C4EB5CB40} = {0884D149-0809-4A16-A212-525E09AAE4B0}
		{6140CCB6-7993-48AE-AE28-2B7AEDC85639} = {0884D149-0809-4A16-A212-525E09AAE4B0}
		{775B5043-B57D-41E9-A6E0-BAA26A9730DD} = {ADF7086B-86CC-4CE3-A8AA-58D45AE7E16D}
		{9632D9F8-8EDA-40EC-83DF-E95AD0065A73} = {ADF7086B-86CC-4CE3-A8AA-58D45AE7E16D}
		{41EE4965-73D8-4898-8FBF-EA960D902E98} = {ADF7086B-86CC-4CE3-A8AA-58D45AE7E16D}
		{24C85CD1-D95B-41E5-9053-66D716721787} = {ADF7086B-86CC-4CE3-A8AA-58D45AE7E16D}
		{D6472F1F-4EAF-43E0-8195-DE241D36ADAF} = {ADF7086B-86CC-4CE3-A8AA-58D45AE7E16D}
		{1F522F7F-382A-43B1-95ED-93B1F3395511} = {ADF7086B-86CC-4CE3-A8AA-58D45AE7E16D}
		{4521E513-0BBA-47AC-8F0D-57542D8696FF} = {ADF7086B-86CC-4CE3-A8AA-58D45AE7E16D}
		{66C25802-0393-4113-B339-B2E54A8593C1} = {ADF7086B-86CC-4CE3-A8AA-58D45AE7E16D}
		{A58F1D2F-CBBA-4CB4-849D-1D343F63E22F} = {ADF7086B-86CC-4CE3-A8AA-58D45AE7E16D}
		{823C9739-1A8A-467E-8312-02C5C013106C} = {ADF7086B-86CC-4CE3-A8AA-58D45AE7E16D}
		{AA15B335-2AD9-4D94-84F2-51C36A2D34A5} = {ADF7086B-86CC-4CE3-A8AA-58D45AE7E16D}
		{DDCC9321-5003-4DC0-A05B-1482A0CE247C} = {ADF7086B-86CC-4CE3-A8AA-58D45AE7E16D}
		{AD6BEE15-10B3-44AA-AD9D-1216A71CAF76} = {ADF7086B-86CC-4CE3-A8AA-58D45AE7E16D}
		{7AAF0F8B-D9B8-4EED-A4E4-5F171163E55C} = {ADF7086B-86CC-4CE3-A8AA-58D45AE7E16D}
		{B78438B9-CFA2-448C-867B-D5200B6D81AA} = {ADF7086B-86CC-4CE3-A8AA-58D45AE7E16D}
		{ACE0CF62-047D-47CF-AC27-28DFCAFF3F22} = {ADF7086B-86CC-4CE3-A8AA-58D45AE7E16D}
		{50E66EFE-CC09-43B1-B474-A4542E9B0F2F} = {ADF7086B-86CC-4CE3-A8AA-58D45AE7E16D}
		{EABAA50C-B207-479B-94D2-02BC21AF43AE} = {ADF7086B-86CC-4CE3-A8AA-58D45AE7E16D}
		{DE88BEE2-FCF6-44AC-BB97-FD71243827FD} = {ADF7086B-86CC-4CE3-A8AA-58D45AE7E16D}
		{9502EF76-F7D6-4DA3-8BAC-A38B96E745EC} = {ADF7086B-86CC-4CE3-A8AA-58D45AE7E16D}
		{93F39962-21F5-4B9E-A6B7-95F7565934ED} = {ADF7086B-86CC-4CE3-A8AA-58D45AE7E16D}
		{32C85A2A-FAF5-4C53-AE43-619CFAFE732C} = {ADF7086B-86CC-4CE3-A8AA-58D45AE7E16D}
		{4F1D0B0C-2ED9-4D14-A5EB-0EA88327CE8F} = {ADF7086B-86CC-4CE3-A8AA-58D45AE7E16D}
		{160582C3-AA41-4C52-ABC8-94103A072170} = {3DE92B1C-1B87-4717-8A94-A447DEEA5E1A}
		{9025E55A-1E45-4FF9-93B1-1146CAA8AFC6} = {0884D149-0809-4A16-A212-525E09AAE4B0}
		{429A511F-D93B-4B1E-B62C-5F58DF47CBFE} = {0884D149-0809-4A16-A212-525E09AAE4B0}
		{920F6C59-CDFD-4523-AE38-4C5C66820918} = {0884D149-0809-4A16-A212-525E09AAE4B0}
		{BE0BB6AF-373C-425C-A64D-2F0FD1E0ADCB} = {0884D149-0809-4A16-A212-525E09AAE4B0}
		{9F2E0C19-3EA1-4F57-B4DE-24AE0EC9AE7D} = {0884D149-0809-4A16-A212-525E09AAE4B0}
		{E87AB0D9-61FC-48DE-A617-39DA65446B9D} = {0884D149-0809-4A16-A212-525E09AAE4B0}
		{FE451C2D-8C56-4AB8-BB35-BD55DE19CE7D} = {0884D149-0809-4A16-A212-525E09AAE4B0}
		{576752A5-1D58-4038-ACB4-BD8745D934C4} = {0884D149-0809-4A16-A212-525E09AAE4B0}
		{DAFFE7ED-9E46-43D1-86C4-211F597A4920} = {ADF7086B-86CC-4CE3-A8AA-58D45AE7E16D}
		{8A57BCE6-F330-4643-8AEF-BEB08C756BD5} = {ADF7086B-86CC-4CE3-A8AA-58D45AE7E16D}
		{6CD80139-3C29-488A-8C7A-5491C635C987} = {ADF7086B-86CC-4CE3-A8AA-58D45AE7E16D}
		{0734E84D-726F-4C90-BDBE-1A7E5472EB77} = {ADF7086B-86CC-4CE3-A8AA-58D45AE7E16D}
		{F01B4998-6134-4922-8161-67C3B9B5FE05} = {ADF7086B-86CC-4CE3-A8AA-58D45AE7E16D}
		{9CA00DA8-F1BB-4B5A-8565-FA28D9625855} = {ADF7086B-86CC-4CE3-A8AA-58D45AE7E16D}
		{99F66C65-01D9-4B6C-8DEF-F1024D7E900E} = {ADF7086B-86CC-4CE3-A8AA-58D45AE7E16D}
		{CA390D8E-BBDD-4ACA-AC6D-0A00AFC2EB2A} = {ADF7086B-86CC-4CE3-A8AA-58D45AE7E16D}
		{DE3FE74A-4449-403E-BF29-BF6155B41FC8} = {ADF7086B-86CC-4CE3-A8AA-58D45AE7E16D}
		{8FA3831B-2DA8-4483-99E4-8571A01210F1} = {ADF7086B-86CC-4CE3-A8AA-58D45AE7E16D}
		{16A619D4-D131-4332-B207-E202CDF9DFF8} = {3DE92B1C-1B87-4717-8A94-A447DEEA5E1A}
		{73E88B7B-B333-4141-9BD4-BD08CA57CE9F} = {ADF7086B-86CC-4CE3-A8AA-58D45AE7E16D}
		{9074925B-97C0-458A-A3C3-F50B70F3734D} = {ADF7086B-86CC-4CE3-A8AA-58D45AE7E16D}
		{807118B2-514C-4DEF-BC46-615CB6C33B95} = {ADF7086B-86CC-4CE3-A8AA-58D45AE7E16D}
		{C25D472F-B74A-48E3-A296-62FB8217E9B0} = {1C1327DC-75FD-447C-88AB-926E963B9348}
		{D24647AE-8042-4FA5-83CF-9277FF654CE9} = {1C1327DC-75FD-447C-88AB-926E963B9348}
		{3B6F7450-264C-45A5-B314-7D4649BA34C1} = {1C1327DC-75FD-447C-88AB-926E963B9348}
		{E05AE464-592B-410A-937D-A13114B25080} = {1C1327DC-75FD-447C-88AB-926E963B9348}
		{7601B98F-E8CE-4CFB-98B7-97D2BA91D3A5} = {ADF7086B-86CC-4CE3-A8AA-58D45AE7E16D}
		{36230D5E-C3DD-4AEE-AAAC-78E27D6BD165} = {ADF7086B-86CC-4CE3-A8AA-58D45AE7E16D}
		{3DEFB672-5638-4EBA-8188-C8239AB9BC09} = {1C1327DC-75FD-447C-88AB-926E963B9348}
		{ABB8F0EB-3E8B-4540-8C2B-C87FE70A6306} = {1C1327DC-75FD-447C-88AB-926E963B9348}
		{29536068-268D-4E02-A8EA-06EAA7AC58EA} = {5E157410-B59A-46F0-9771-64DDBAB37C23}
		{83C48A0C-C40B-40F3-B25C-7BEB3A6BF783} = {5E157410-B59A-46F0-9771-64DDBAB37C23}
		{9CBAA823-283B-4401-AC95-B01A881A4396} = {5E157410-B59A-46F0-9771-64DDBAB37C23}
		{F4080C11-CDC6-41E7-86FC-404372149A22} = {5E157410-B59A-46F0-9771-64DDBAB37C23}
		{B24E4BC4-86FA-4200-ACDB-7C2EC33F00A5} = {5E157410-B59A-46F0-9771-64DDBAB37C23}
		{FDBF79FA-0568-49D6-BF98-D9752316E2FC} = {5E157410-B59A-46F0-9771-64DDBAB37C23}
		{49E9D3B4-44BF-4F93-8790-76E684E15349} = {ADF7086B-86CC-4CE3-A8AA-58D45AE7E16D}
		{E41C0768-9023-422C-900D-BC7247D1994B} = {0884D149-0809-4A16-A212-525E09AAE4B0}
	EndGlobalSection
	GlobalSection(ExtensibilityGlobals) = postSolution
		SolutionGuid = {E54A28B4-6286-4DD7-9E02-B01633130D7D}
	EndGlobalSection
EndGlobal
